// !$*UTF8*$!
{
	archiveVersion = 1;
	classes = {
	};
	objectVersion = 56;
	objects = {

/* Begin PBXBuildFile section */
		09731F752B26C56E0045F6B4 /* NetworkTest.swift in Sources */ = {isa = PBXBuildFile; fileRef = 09731F742B26C56E0045F6B4 /* NetworkTest.swift */; };
		09731F772B26C5780045F6B4 /* DataTest.swift in Sources */ = {isa = PBXBuildFile; fileRef = 09731F762B26C5780045F6B4 /* DataTest.swift */; };
		09731F792B26C5830045F6B4 /* SelectBookTest.swift in Sources */ = {isa = PBXBuildFile; fileRef = 09731F782B26C5830045F6B4 /* SelectBookTest.swift */; };
		09731F7B2B26C58E0045F6B4 /* AddRecordTest.swift in Sources */ = {isa = PBXBuildFile; fileRef = 09731F7A2B26C58E0045F6B4 /* AddRecordTest.swift */; };
		09731F7D2B26C5980045F6B4 /* OnBoardingTest.swift in Sources */ = {isa = PBXBuildFile; fileRef = 09731F7C2B26C5980045F6B4 /* OnBoardingTest.swift */; };
		09731F7F2B26C59F0045F6B4 /* MainTest.swift in Sources */ = {isa = PBXBuildFile; fileRef = 09731F7E2B26C59F0045F6B4 /* MainTest.swift */; };
		09731F812B26C5A90045F6B4 /* RecordList.swift in Sources */ = {isa = PBXBuildFile; fileRef = 09731F802B26C5A90045F6B4 /* RecordList.swift */; };
		09731F882B26D0050045F6B4 /* BookInfoDialog.swift in Sources */ = {isa = PBXBuildFile; fileRef = 09731F872B26D0050045F6B4 /* BookInfoDialog.swift */; };
		09AB7CE42B26A1350073EAD5 /* MomentApp.swift in Sources */ = {isa = PBXBuildFile; fileRef = 09AB7CE32B26A1350073EAD5 /* MomentApp.swift */; };
		09AB7CE62B26A1350073EAD5 /* ContentView.swift in Sources */ = {isa = PBXBuildFile; fileRef = 09AB7CE52B26A1350073EAD5 /* ContentView.swift */; };
		09AB7CE82B26A1370073EAD5 /* Assets.xcassets in Resources */ = {isa = PBXBuildFile; fileRef = 09AB7CE72B26A1370073EAD5 /* Assets.xcassets */; };
		09AB7CEB2B26A1370073EAD5 /* Preview Assets.xcassets in Resources */ = {isa = PBXBuildFile; fileRef = 09AB7CEA2B26A1370073EAD5 /* Preview Assets.xcassets */; };
		09AB7CF22B26A1660073EAD5 /* Colors.xcassets in Resources */ = {isa = PBXBuildFile; fileRef = 09AB7CF12B26A1660073EAD5 /* Colors.xcassets */; };
		09AB7D012B26A3980073EAD5 /* APIKEY.plist in Resources */ = {isa = PBXBuildFile; fileRef = 09AB7D002B26A3980073EAD5 /* APIKEY.plist */; };
		09AB7D032B26A4310073EAD5 /* Bundle +.swift in Sources */ = {isa = PBXBuildFile; fileRef = 09AB7D022B26A4310073EAD5 /* Bundle +.swift */; };
		09AB7D052B26A5500073EAD5 /* Font +.swift in Sources */ = {isa = PBXBuildFile; fileRef = 09AB7D042B26A5500073EAD5 /* Font +.swift */; };
		09AB7D122B26A73C0073EAD5 /* Pretendard-SemiBold.otf in Resources */ = {isa = PBXBuildFile; fileRef = 09AB7D092B26A73B0073EAD5 /* Pretendard-SemiBold.otf */; };
		09AB7D132B26A73C0073EAD5 /* Pretendard-Light.otf in Resources */ = {isa = PBXBuildFile; fileRef = 09AB7D0A2B26A73B0073EAD5 /* Pretendard-Light.otf */; };
		09AB7D142B26A73C0073EAD5 /* Pretendard-Regular.otf in Resources */ = {isa = PBXBuildFile; fileRef = 09AB7D0B2B26A73B0073EAD5 /* Pretendard-Regular.otf */; };
		09AB7D162B26A73C0073EAD5 /* Pretendard-Bold.otf in Resources */ = {isa = PBXBuildFile; fileRef = 09AB7D0D2B26A73B0073EAD5 /* Pretendard-Bold.otf */; };
		09AB7D182B26A73C0073EAD5 /* Pretendard-Thin.otf in Resources */ = {isa = PBXBuildFile; fileRef = 09AB7D0F2B26A73B0073EAD5 /* Pretendard-Thin.otf */; };
		09AB7D192B26A73C0073EAD5 /* Pretendard-Medium.otf in Resources */ = {isa = PBXBuildFile; fileRef = 09AB7D102B26A73C0073EAD5 /* Pretendard-Medium.otf */; };
/* End PBXBuildFile section */

/* Begin PBXFileReference section */
		09731F742B26C56E0045F6B4 /* NetworkTest.swift */ = {isa = PBXFileReference; lastKnownFileType = sourcecode.swift; path = NetworkTest.swift; sourceTree = "<group>"; };
		09731F762B26C5780045F6B4 /* DataTest.swift */ = {isa = PBXFileReference; lastKnownFileType = sourcecode.swift; path = DataTest.swift; sourceTree = "<group>"; };
		09731F782B26C5830045F6B4 /* SelectBookTest.swift */ = {isa = PBXFileReference; lastKnownFileType = sourcecode.swift; path = SelectBookTest.swift; sourceTree = "<group>"; };
		09731F7A2B26C58E0045F6B4 /* AddRecordTest.swift */ = {isa = PBXFileReference; lastKnownFileType = sourcecode.swift; path = AddRecordTest.swift; sourceTree = "<group>"; };
		09731F7C2B26C5980045F6B4 /* OnBoardingTest.swift */ = {isa = PBXFileReference; lastKnownFileType = sourcecode.swift; path = OnBoardingTest.swift; sourceTree = "<group>"; };
		09731F7E2B26C59F0045F6B4 /* MainTest.swift */ = {isa = PBXFileReference; lastKnownFileType = sourcecode.swift; path = MainTest.swift; sourceTree = "<group>"; };
		09731F802B26C5A90045F6B4 /* RecordList.swift */ = {isa = PBXFileReference; lastKnownFileType = sourcecode.swift; path = RecordList.swift; sourceTree = "<group>"; };
		09731F872B26D0050045F6B4 /* BookInfoDialog.swift */ = {isa = PBXFileReference; lastKnownFileType = sourcecode.swift; path = BookInfoDialog.swift; sourceTree = "<group>"; };
		09AB7CE02B26A1350073EAD5 /* Moment.app */ = {isa = PBXFileReference; explicitFileType = wrapper.application; includeInIndex = 0; path = Moment.app; sourceTree = BUILT_PRODUCTS_DIR; };
		09AB7CE32B26A1350073EAD5 /* MomentApp.swift */ = {isa = PBXFileReference; lastKnownFileType = sourcecode.swift; path = MomentApp.swift; sourceTree = "<group>"; };
		09AB7CE52B26A1350073EAD5 /* ContentView.swift */ = {isa = PBXFileReference; lastKnownFileType = sourcecode.swift; path = ContentView.swift; sourceTree = "<group>"; };
		09AB7CE72B26A1370073EAD5 /* Assets.xcassets */ = {isa = PBXFileReference; lastKnownFileType = folder.assetcatalog; path = Assets.xcassets; sourceTree = "<group>"; };
		09AB7CEA2B26A1370073EAD5 /* Preview Assets.xcassets */ = {isa = PBXFileReference; lastKnownFileType = folder.assetcatalog; path = "Preview Assets.xcassets"; sourceTree = "<group>"; };
		09AB7CF12B26A1660073EAD5 /* Colors.xcassets */ = {isa = PBXFileReference; lastKnownFileType = folder.assetcatalog; path = Colors.xcassets; sourceTree = "<group>"; };
		09AB7D002B26A3980073EAD5 /* APIKEY.plist */ = {isa = PBXFileReference; lastKnownFileType = text.plist.xml; path = APIKEY.plist; sourceTree = "<group>"; };
		09AB7D022B26A4310073EAD5 /* Bundle +.swift */ = {isa = PBXFileReference; lastKnownFileType = sourcecode.swift; path = "Bundle +.swift"; sourceTree = "<group>"; };
		09AB7D042B26A5500073EAD5 /* Font +.swift */ = {isa = PBXFileReference; lastKnownFileType = sourcecode.swift; path = "Font +.swift"; sourceTree = "<group>"; };
		09AB7D092B26A73B0073EAD5 /* Pretendard-SemiBold.otf */ = {isa = PBXFileReference; lastKnownFileType = file; path = "Pretendard-SemiBold.otf"; sourceTree = "<group>"; };
		09AB7D0A2B26A73B0073EAD5 /* Pretendard-Light.otf */ = {isa = PBXFileReference; lastKnownFileType = file; path = "Pretendard-Light.otf"; sourceTree = "<group>"; };
		09AB7D0B2B26A73B0073EAD5 /* Pretendard-Regular.otf */ = {isa = PBXFileReference; lastKnownFileType = file; path = "Pretendard-Regular.otf"; sourceTree = "<group>"; };
		09AB7D0D2B26A73B0073EAD5 /* Pretendard-Bold.otf */ = {isa = PBXFileReference; lastKnownFileType = file; path = "Pretendard-Bold.otf"; sourceTree = "<group>"; };
		09AB7D0F2B26A73B0073EAD5 /* Pretendard-Thin.otf */ = {isa = PBXFileReference; lastKnownFileType = file; path = "Pretendard-Thin.otf"; sourceTree = "<group>"; };
		09AB7D102B26A73C0073EAD5 /* Pretendard-Medium.otf */ = {isa = PBXFileReference; lastKnownFileType = file; path = "Pretendard-Medium.otf"; sourceTree = "<group>"; };
		09AB7D1A2B26A82B0073EAD5 /* Info.plist */ = {isa = PBXFileReference; lastKnownFileType = text.plist; path = Info.plist; sourceTree = "<group>"; };
/* End PBXFileReference section */

/* Begin PBXFrameworksBuildPhase section */
		09AB7CDD2B26A1350073EAD5 /* Frameworks */ = {
			isa = PBXFrameworksBuildPhase;
			buildActionMask = 2147483647;
			files = (
			);
			runOnlyForDeploymentPostprocessing = 0;
		};
/* End PBXFrameworksBuildPhase section */

/* Begin PBXGroup section */
		09AB7CD72B26A1350073EAD5 = {
			isa = PBXGroup;
			children = (
				09AB7CE22B26A1350073EAD5 /* Moment */,
				09AB7CE12B26A1350073EAD5 /* Products */,
			);
			sourceTree = "<group>";
		};
		09AB7CE12B26A1350073EAD5 /* Products */ = {
			isa = PBXGroup;
			children = (
				09AB7CE02B26A1350073EAD5 /* Moment.app */,
			);
			name = Products;
			sourceTree = "<group>";
		};
		09AB7CE22B26A1350073EAD5 /* Moment */ = {
			isa = PBXGroup;
			children = (
				09AB7CE32B26A1350073EAD5 /* MomentApp.swift */,
				09AB7CE52B26A1350073EAD5 /* ContentView.swift */,
				09AB7CF62B26A1B80073EAD5 /* Views */,
				09AB7CF82B26A21F0073EAD5 /* Common */,
				09AB7CFE2B26A2C40073EAD5 /* Data */,
				09AB7CFF2B26A3180073EAD5 /* Network */,
				09AB7D062B26A70A0073EAD5 /* Resource */,
				09AB7CE72B26A1370073EAD5 /* Assets.xcassets */,
				09AB7CF12B26A1660073EAD5 /* Colors.xcassets */,
				09AB7D1A2B26A82B0073EAD5 /* Info.plist */,
				09AB7D002B26A3980073EAD5 /* APIKEY.plist */,
				09AB7CE92B26A1370073EAD5 /* Preview Content */,
			);
			path = Moment;
			sourceTree = "<group>";
		};
		09AB7CE92B26A1370073EAD5 /* Preview Content */ = {
			isa = PBXGroup;
			children = (
				09AB7CEA2B26A1370073EAD5 /* Preview Assets.xcassets */,
			);
			path = "Preview Content";
			sourceTree = "<group>";
		};
		09AB7CF62B26A1B80073EAD5 /* Views */ = {
			isa = PBXGroup;
			children = (
				09AB7CFD2B26A2A40073EAD5 /* SelectBook */,
				09AB7CFC2B26A27D0073EAD5 /* AddRecord */,
				09AB7CF92B26A2560073EAD5 /* OnBoarding */,
				09AB7CFB2B26A2760073EAD5 /* Main */,
				09AB7CFA2B26A2690073EAD5 /* RecordList */,
			);
			path = Views;
			sourceTree = "<group>";
		};
		09AB7CF82B26A21F0073EAD5 /* Common */ = {
			isa = PBXGroup;
			children = (
				09AB7D022B26A4310073EAD5 /* Bundle +.swift */,
				09AB7D042B26A5500073EAD5 /* Font +.swift */,
				09731F872B26D0050045F6B4 /* BookInfoDialog.swift */,
			);
			path = Common;
			sourceTree = "<group>";
		};
		09AB7CF92B26A2560073EAD5 /* OnBoarding */ = {
			isa = PBXGroup;
			children = (
				09731F7C2B26C5980045F6B4 /* OnBoardingTest.swift */,
			);
			path = OnBoarding;
			sourceTree = "<group>";
		};
		09AB7CFA2B26A2690073EAD5 /* RecordList */ = {
			isa = PBXGroup;
			children = (
				09731F802B26C5A90045F6B4 /* RecordList.swift */,
			);
			path = RecordList;
			sourceTree = "<group>";
		};
		09AB7CFB2B26A2760073EAD5 /* Main */ = {
			isa = PBXGroup;
			children = (
				09731F7E2B26C59F0045F6B4 /* MainTest.swift */,
			);
			path = Main;
			sourceTree = "<group>";
		};
		09AB7CFC2B26A27D0073EAD5 /* AddRecord */ = {
			isa = PBXGroup;
			children = (
				09731F7A2B26C58E0045F6B4 /* AddRecordTest.swift */,
			);
			path = AddRecord;
			sourceTree = "<group>";
		};
		09AB7CFD2B26A2A40073EAD5 /* SelectBook */ = {
			isa = PBXGroup;
			children = (
				09731F782B26C5830045F6B4 /* SelectBookTest.swift */,
			);
			path = SelectBook;
			sourceTree = "<group>";
		};
		09AB7CFE2B26A2C40073EAD5 /* Data */ = {
			isa = PBXGroup;
			children = (
				09731F762B26C5780045F6B4 /* DataTest.swift */,
			);
			path = Data;
			sourceTree = "<group>";
		};
		09AB7CFF2B26A3180073EAD5 /* Network */ = {
			isa = PBXGroup;
			children = (
				09731F742B26C56E0045F6B4 /* NetworkTest.swift */,
			);
			path = Network;
			sourceTree = "<group>";
		};
		09AB7D062B26A70A0073EAD5 /* Resource */ = {
			isa = PBXGroup;
			children = (
				09AB7D072B26A7170073EAD5 /* Pretendard */,
			);
			path = Resource;
			sourceTree = "<group>";
		};
		09AB7D072B26A7170073EAD5 /* Pretendard */ = {
			isa = PBXGroup;
			children = (
				09AB7D0D2B26A73B0073EAD5 /* Pretendard-Bold.otf */,
				09AB7D0A2B26A73B0073EAD5 /* Pretendard-Light.otf */,
				09AB7D102B26A73C0073EAD5 /* Pretendard-Medium.otf */,
				09AB7D0B2B26A73B0073EAD5 /* Pretendard-Regular.otf */,
				09AB7D092B26A73B0073EAD5 /* Pretendard-SemiBold.otf */,
				09AB7D0F2B26A73B0073EAD5 /* Pretendard-Thin.otf */,
			);
			path = Pretendard;
			sourceTree = "<group>";
		};
/* End PBXGroup section */

/* Begin PBXNativeTarget section */
		09AB7CDF2B26A1350073EAD5 /* Moment */ = {
			isa = PBXNativeTarget;
			buildConfigurationList = 09AB7CEE2B26A1370073EAD5 /* Build configuration list for PBXNativeTarget "Moment" */;
			buildPhases = (
				09AB7CDC2B26A1350073EAD5 /* Sources */,
				09AB7CDD2B26A1350073EAD5 /* Frameworks */,
				09AB7CDE2B26A1350073EAD5 /* Resources */,
			);
			buildRules = (
			);
			dependencies = (
			);
			name = Moment;
			productName = Moment;
			productReference = 09AB7CE02B26A1350073EAD5 /* Moment.app */;
			productType = "com.apple.product-type.application";
		};
/* End PBXNativeTarget section */

/* Begin PBXProject section */
		09AB7CD82B26A1350073EAD5 /* Project object */ = {
			isa = PBXProject;
			attributes = {
				BuildIndependentTargetsInParallel = 1;
				LastSwiftUpdateCheck = 1500;
				LastUpgradeCheck = 1500;
				TargetAttributes = {
					09AB7CDF2B26A1350073EAD5 = {
						CreatedOnToolsVersion = 15.0;
					};
				};
			};
			buildConfigurationList = 09AB7CDB2B26A1350073EAD5 /* Build configuration list for PBXProject "Moment" */;
			compatibilityVersion = "Xcode 14.0";
			developmentRegion = en;
			hasScannedForEncodings = 0;
			knownRegions = (
				en,
				Base,
			);
			mainGroup = 09AB7CD72B26A1350073EAD5;
			productRefGroup = 09AB7CE12B26A1350073EAD5 /* Products */;
			projectDirPath = "";
			projectRoot = "";
			targets = (
				09AB7CDF2B26A1350073EAD5 /* Moment */,
			);
		};
/* End PBXProject section */

/* Begin PBXResourcesBuildPhase section */
		09AB7CDE2B26A1350073EAD5 /* Resources */ = {
			isa = PBXResourcesBuildPhase;
			buildActionMask = 2147483647;
			files = (
				09AB7CF22B26A1660073EAD5 /* Colors.xcassets in Resources */,
				09AB7D162B26A73C0073EAD5 /* Pretendard-Bold.otf in Resources */,
				09AB7D012B26A3980073EAD5 /* APIKEY.plist in Resources */,
				09AB7D192B26A73C0073EAD5 /* Pretendard-Medium.otf in Resources */,
				09AB7D182B26A73C0073EAD5 /* Pretendard-Thin.otf in Resources */,
				09AB7D122B26A73C0073EAD5 /* Pretendard-SemiBold.otf in Resources */,
				09AB7D132B26A73C0073EAD5 /* Pretendard-Light.otf in Resources */,
				09AB7D142B26A73C0073EAD5 /* Pretendard-Regular.otf in Resources */,
				09AB7CEB2B26A1370073EAD5 /* Preview Assets.xcassets in Resources */,
				09AB7CE82B26A1370073EAD5 /* Assets.xcassets in Resources */,
			);
			runOnlyForDeploymentPostprocessing = 0;
		};
/* End PBXResourcesBuildPhase section */

/* Begin PBXSourcesBuildPhase section */
		09AB7CDC2B26A1350073EAD5 /* Sources */ = {
			isa = PBXSourcesBuildPhase;
			buildActionMask = 2147483647;
			files = (
				09731F7D2B26C5980045F6B4 /* OnBoardingTest.swift in Sources */,
				09AB7CE62B26A1350073EAD5 /* ContentView.swift in Sources */,
				09731F792B26C5830045F6B4 /* SelectBookTest.swift in Sources */,
				09731F772B26C5780045F6B4 /* DataTest.swift in Sources */,
				09731F752B26C56E0045F6B4 /* NetworkTest.swift in Sources */,
				09731F812B26C5A90045F6B4 /* RecordList.swift in Sources */,
				09731F882B26D0050045F6B4 /* BookInfoDialog.swift in Sources */,
				09AB7D052B26A5500073EAD5 /* Font +.swift in Sources */,
				09731F7F2B26C59F0045F6B4 /* MainTest.swift in Sources */,
				09AB7CE42B26A1350073EAD5 /* MomentApp.swift in Sources */,
				09731F7B2B26C58E0045F6B4 /* AddRecordTest.swift in Sources */,
				09AB7D032B26A4310073EAD5 /* Bundle +.swift in Sources */,
			);
			runOnlyForDeploymentPostprocessing = 0;
		};
/* End PBXSourcesBuildPhase section */

/* Begin XCBuildConfiguration section */
		09AB7CEC2B26A1370073EAD5 /* Debug */ = {
			isa = XCBuildConfiguration;
			buildSettings = {
				ALWAYS_SEARCH_USER_PATHS = NO;
				ASSETCATALOG_COMPILER_GENERATE_SWIFT_ASSET_SYMBOL_EXTENSIONS = YES;
				CLANG_ANALYZER_NONNULL = YES;
				CLANG_ANALYZER_NUMBER_OBJECT_CONVERSION = YES_AGGRESSIVE;
				CLANG_CXX_LANGUAGE_STANDARD = "gnu++20";
				CLANG_ENABLE_MODULES = YES;
				CLANG_ENABLE_OBJC_ARC = YES;
				CLANG_ENABLE_OBJC_WEAK = YES;
				CLANG_WARN_BLOCK_CAPTURE_AUTORELEASING = YES;
				CLANG_WARN_BOOL_CONVERSION = YES;
				CLANG_WARN_COMMA = YES;
				CLANG_WARN_CONSTANT_CONVERSION = YES;
				CLANG_WARN_DEPRECATED_OBJC_IMPLEMENTATIONS = YES;
				CLANG_WARN_DIRECT_OBJC_ISA_USAGE = YES_ERROR;
				CLANG_WARN_DOCUMENTATION_COMMENTS = YES;
				CLANG_WARN_EMPTY_BODY = YES;
				CLANG_WARN_ENUM_CONVERSION = YES;
				CLANG_WARN_INFINITE_RECURSION = YES;
				CLANG_WARN_INT_CONVERSION = YES;
				CLANG_WARN_NON_LITERAL_NULL_CONVERSION = YES;
				CLANG_WARN_OBJC_IMPLICIT_RETAIN_SELF = YES;
				CLANG_WARN_OBJC_LITERAL_CONVERSION = YES;
				CLANG_WARN_OBJC_ROOT_CLASS = YES_ERROR;
				CLANG_WARN_QUOTED_INCLUDE_IN_FRAMEWORK_HEADER = YES;
				CLANG_WARN_RANGE_LOOP_ANALYSIS = YES;
				CLANG_WARN_STRICT_PROTOTYPES = YES;
				CLANG_WARN_SUSPICIOUS_MOVE = YES;
				CLANG_WARN_UNGUARDED_AVAILABILITY = YES_AGGRESSIVE;
				CLANG_WARN_UNREACHABLE_CODE = YES;
				CLANG_WARN__DUPLICATE_METHOD_MATCH = YES;
				COPY_PHASE_STRIP = NO;
				DEBUG_INFORMATION_FORMAT = dwarf;
				ENABLE_STRICT_OBJC_MSGSEND = YES;
				ENABLE_TESTABILITY = YES;
				ENABLE_USER_SCRIPT_SANDBOXING = YES;
				GCC_C_LANGUAGE_STANDARD = gnu17;
				GCC_DYNAMIC_NO_PIC = NO;
				GCC_NO_COMMON_BLOCKS = YES;
				GCC_OPTIMIZATION_LEVEL = 0;
				GCC_PREPROCESSOR_DEFINITIONS = (
					"DEBUG=1",
					"$(inherited)",
				);
				GCC_WARN_64_TO_32_BIT_CONVERSION = YES;
				GCC_WARN_ABOUT_RETURN_TYPE = YES_ERROR;
				GCC_WARN_UNDECLARED_SELECTOR = YES;
				GCC_WARN_UNINITIALIZED_AUTOS = YES_AGGRESSIVE;
				GCC_WARN_UNUSED_FUNCTION = YES;
				GCC_WARN_UNUSED_VARIABLE = YES;
				IPHONEOS_DEPLOYMENT_TARGET = 17.0;
				LOCALIZATION_PREFERS_STRING_CATALOGS = YES;
				MTL_ENABLE_DEBUG_INFO = INCLUDE_SOURCE;
				MTL_FAST_MATH = YES;
				ONLY_ACTIVE_ARCH = YES;
				SDKROOT = iphoneos;
				SWIFT_ACTIVE_COMPILATION_CONDITIONS = "DEBUG $(inherited)";
				SWIFT_OPTIMIZATION_LEVEL = "-Onone";
			};
			name = Debug;
		};
		09AB7CED2B26A1370073EAD5 /* Release */ = {
			isa = XCBuildConfiguration;
			buildSettings = {
				ALWAYS_SEARCH_USER_PATHS = NO;
				ASSETCATALOG_COMPILER_GENERATE_SWIFT_ASSET_SYMBOL_EXTENSIONS = YES;
				CLANG_ANALYZER_NONNULL = YES;
				CLANG_ANALYZER_NUMBER_OBJECT_CONVERSION = YES_AGGRESSIVE;
				CLANG_CXX_LANGUAGE_STANDARD = "gnu++20";
				CLANG_ENABLE_MODULES = YES;
				CLANG_ENABLE_OBJC_ARC = YES;
				CLANG_ENABLE_OBJC_WEAK = YES;
				CLANG_WARN_BLOCK_CAPTURE_AUTORELEASING = YES;
				CLANG_WARN_BOOL_CONVERSION = YES;
				CLANG_WARN_COMMA = YES;
				CLANG_WARN_CONSTANT_CONVERSION = YES;
				CLANG_WARN_DEPRECATED_OBJC_IMPLEMENTATIONS = YES;
				CLANG_WARN_DIRECT_OBJC_ISA_USAGE = YES_ERROR;
				CLANG_WARN_DOCUMENTATION_COMMENTS = YES;
				CLANG_WARN_EMPTY_BODY = YES;
				CLANG_WARN_ENUM_CONVERSION = YES;
				CLANG_WARN_INFINITE_RECURSION = YES;
				CLANG_WARN_INT_CONVERSION = YES;
				CLANG_WARN_NON_LITERAL_NULL_CONVERSION = YES;
				CLANG_WARN_OBJC_IMPLICIT_RETAIN_SELF = YES;
				CLANG_WARN_OBJC_LITERAL_CONVERSION = YES;
				CLANG_WARN_OBJC_ROOT_CLASS = YES_ERROR;
				CLANG_WARN_QUOTED_INCLUDE_IN_FRAMEWORK_HEADER = YES;
				CLANG_WARN_RANGE_LOOP_ANALYSIS = YES;
				CLANG_WARN_STRICT_PROTOTYPES = YES;
				CLANG_WARN_SUSPICIOUS_MOVE = YES;
				CLANG_WARN_UNGUARDED_AVAILABILITY = YES_AGGRESSIVE;
				CLANG_WARN_UNREACHABLE_CODE = YES;
				CLANG_WARN__DUPLICATE_METHOD_MATCH = YES;
				COPY_PHASE_STRIP = NO;
				DEBUG_INFORMATION_FORMAT = "dwarf-with-dsym";
				ENABLE_NS_ASSERTIONS = NO;
				ENABLE_STRICT_OBJC_MSGSEND = YES;
				ENABLE_USER_SCRIPT_SANDBOXING = YES;
				GCC_C_LANGUAGE_STANDARD = gnu17;
				GCC_NO_COMMON_BLOCKS = YES;
				GCC_WARN_64_TO_32_BIT_CONVERSION = YES;
				GCC_WARN_ABOUT_RETURN_TYPE = YES_ERROR;
				GCC_WARN_UNDECLARED_SELECTOR = YES;
				GCC_WARN_UNINITIALIZED_AUTOS = YES_AGGRESSIVE;
				GCC_WARN_UNUSED_FUNCTION = YES;
				GCC_WARN_UNUSED_VARIABLE = YES;
				IPHONEOS_DEPLOYMENT_TARGET = 17.0;
				LOCALIZATION_PREFERS_STRING_CATALOGS = YES;
				MTL_ENABLE_DEBUG_INFO = NO;
				MTL_FAST_MATH = YES;
				SDKROOT = iphoneos;
				SWIFT_COMPILATION_MODE = wholemodule;
				VALIDATE_PRODUCT = YES;
			};
			name = Release;
		};
		09AB7CEF2B26A1370073EAD5 /* Debug */ = {
			isa = XCBuildConfiguration;
			buildSettings = {
				ASSETCATALOG_COMPILER_APPICON_NAME = AppIcon;
				ASSETCATALOG_COMPILER_GLOBAL_ACCENT_COLOR_NAME = AccentColor;
				CODE_SIGN_STYLE = Automatic;
				CURRENT_PROJECT_VERSION = 1;
				DEVELOPMENT_ASSET_PATHS = "\"Moment/Preview Content\"";
				ENABLE_PREVIEWS = YES;
				GENERATE_INFOPLIST_FILE = YES;
				INFOPLIST_FILE = Moment/Info.plist;
				INFOPLIST_KEY_UIApplicationSceneManifest_Generation = YES;
				INFOPLIST_KEY_UIApplicationSupportsIndirectInputEvents = YES;
				INFOPLIST_KEY_UILaunchScreen_Generation = YES;
				INFOPLIST_KEY_UISupportedInterfaceOrientations_iPad = "UIInterfaceOrientationPortrait UIInterfaceOrientationPortraitUpsideDown UIInterfaceOrientationLandscapeLeft UIInterfaceOrientationLandscapeRight";
				INFOPLIST_KEY_UISupportedInterfaceOrientations_iPhone = "UIInterfaceOrientationPortrait UIInterfaceOrientationLandscapeLeft UIInterfaceOrientationLandscapeRight";
				LD_RUNPATH_SEARCH_PATHS = (
					"$(inherited)",
					"@executable_path/Frameworks",
				);
				MARKETING_VERSION = 1.0;
				PRODUCT_BUNDLE_IDENTIFIER = com.Booook.Moment;
				PRODUCT_NAME = "$(TARGET_NAME)";
				SWIFT_EMIT_LOC_STRINGS = YES;
				SWIFT_VERSION = 5.0;
				TARGETED_DEVICE_FAMILY = "1,2";
			};
			name = Debug;
		};
		09AB7CF02B26A1370073EAD5 /* Release */ = {
			isa = XCBuildConfiguration;
			buildSettings = {
				ASSETCATALOG_COMPILER_APPICON_NAME = AppIcon;
				ASSETCATALOG_COMPILER_GLOBAL_ACCENT_COLOR_NAME = AccentColor;
				CODE_SIGN_STYLE = Automatic;
				CURRENT_PROJECT_VERSION = 1;
				DEVELOPMENT_ASSET_PATHS = "\"Moment/Preview Content\"";
				ENABLE_PREVIEWS = YES;
				GENERATE_INFOPLIST_FILE = YES;
				INFOPLIST_FILE = Moment/Info.plist;
				INFOPLIST_KEY_UIApplicationSceneManifest_Generation = YES;
				INFOPLIST_KEY_UIApplicationSupportsIndirectInputEvents = YES;
				INFOPLIST_KEY_UILaunchScreen_Generation = YES;
				INFOPLIST_KEY_UISupportedInterfaceOrientations_iPad = "UIInterfaceOrientationPortrait UIInterfaceOrientationPortraitUpsideDown UIInterfaceOrientationLandscapeLeft UIInterfaceOrientationLandscapeRight";
				INFOPLIST_KEY_UISupportedInterfaceOrientations_iPhone = "UIInterfaceOrientationPortrait UIInterfaceOrientationLandscapeLeft UIInterfaceOrientationLandscapeRight";
				LD_RUNPATH_SEARCH_PATHS = (
					"$(inherited)",
					"@executable_path/Frameworks",
				);
				MARKETING_VERSION = 1.0;
				PRODUCT_BUNDLE_IDENTIFIER = com.Booook.Moment;
				PRODUCT_NAME = "$(TARGET_NAME)";
				SWIFT_EMIT_LOC_STRINGS = YES;
				SWIFT_VERSION = 5.0;
				TARGETED_DEVICE_FAMILY = "1,2";
			};
			name = Release;
		};
/* End XCBuildConfiguration section */

/* Begin XCConfigurationList section */
		09AB7CDB2B26A1350073EAD5 /* Build configuration list for PBXProject "Moment" */ = {
			isa = XCConfigurationList;
			buildConfigurations = (
				09AB7CEC2B26A1370073EAD5 /* Debug */,
				09AB7CED2B26A1370073EAD5 /* Release */,
			);
			defaultConfigurationIsVisible = 0;
			defaultConfigurationName = Release;
		};
		09AB7CEE2B26A1370073EAD5 /* Build configuration list for PBXNativeTarget "Moment" */ = {
			isa = XCConfigurationList;
			buildConfigurations = (
				09AB7CEF2B26A1370073EAD5 /* Debug */,
				09AB7CF02B26A1370073EAD5 /* Release */,
			);
			defaultConfigurationIsVisible = 0;
			defaultConfigurationName = Release;
		};
/* End XCConfigurationList section */
	};
	rootObject = 09AB7CD82B26A1350073EAD5 /* Project object */;
}
